
Microsoft Visual Studio Solution File, Format Version 12.00
# Visual Studio Version 16
VisualStudioVersion = 16.0.29728.190
MinimumVisualStudioVersion = 10.0.40219.1
Project("{FAE04EC0-301F-11D3-BF4B-00C04F79EFBC}") = "CookieBasedAuthentication", "CookieBasedAuthentication\CookieBasedAuthentication.csproj", "{F6527876-8145-4E05-B999-26CF10323BC6}"
EndProject
Global
	GlobalSection(SolutionConfigurationPlatforms) = preSolution
		Debug|Any CPU = Debug|Any CPU
		Release|Any CPU = Release|Any CPU
	EndGlobalSection
	GlobalSection(ProjectConfigurationPlatforms) = postSolution
		{F6527876-8145-4E05-B999-26CF10323BC6}.Debug|Any CPU.ActiveCfg = Debug|Any CPU
		{F6527876-8145-4E05-B999-26CF10323BC6}.Debug|Any CPU.Build.0 = Debug|Any CPU
		{F6527876-8145-4E05-B999-26CF10323BC6}.Release|Any CPU.ActiveCfg = Release|Any CPU
		{F6527876-8145-4E05-B999-26CF10323BC6}.Release|Any CPU.Build.0 = Release|Any CPU
	EndGlobalSection
	GlobalSection(SolutionProperties) = preSolution
		HideSolutionNode = FALSE
	EndGlobalSection
	GlobalSection(ExtensibilityGlobals) = postSolution
		SolutionGuid = {264E2B4B-CB3E-41E7-A58B-83795BD4E0BB}
	EndGlobalSection
EndGlobal
